{
  "name": "rooman",
  "version": "1.0.0",
  "lockfileVersion": 1,
  "dependencies": {
    "krtp": {
      "version": "1.0.5",
      "resolved": "https://registry.npmjs.org/krtp/-/krtp-1.0.5.tgz",
      "integrity": "sha512-x4PtY9YEv9rkzPkCDaylGg0zcWiN2yI1oHoT59Tekk+mjkvYk/flYR7z4ZGE7xxKGeRFjpNthgHyiRxcUWDNyA=="
    }
  }
}
